
Microsoft Visual Studio Solution File, Format Version 12.00
# Visual Studio Version 17
VisualStudioVersion = 17.6.33723.286
MinimumVisualStudioVersion = 10.0.40219.1
Project("{FAE04EC0-301F-11D3-BF4B-00C04F79EFBC}") = "Owl.Overdrive.API", "Owl.Overdrive\Owl.Overdrive.API.csproj", "{39555B21-95CB-4881-BCDD-00E6C27B2F4B}"
EndProject
Project("{FAE04EC0-301F-11D3-BF4B-00C04F79EFBC}") = "Owl.Overdrive.Data", "Owl.Overdrive.Data\Owl.Overdrive.Data.csproj", "{74EDD3BB-03C8-4C5C-A975-C4690ACCC58B}"
EndProject
Project("{FAE04EC0-301F-11D3-BF4B-00C04F79EFBC}") = "Owl.Overdrive.Infrastructure", "Owl.Overdrive.Infrastructure\Owl.Overdrive.Infrastructure.csproj", "{A566D308-A775-426A-96D3-87FED3EF8ABF}"
EndProject
Project("{FAE04EC0-301F-11D3-BF4B-00C04F79EFBC}") = "Owl.Overdrive.Business", "Owl.Overdrive.Business\Owl.Overdrive.Business.csproj", "{D7C5C80B-75BF-4BDE-9DDB-EE23BD9BD445}"
EndProject
Global
	GlobalSection(SolutionConfigurationPlatforms) = preSolution
		Debug|Any CPU = Debug|Any CPU
		Release|Any CPU = Release|Any CPU
	EndGlobalSection
	GlobalSection(ProjectConfigurationPlatforms) = postSolution
		{39555B21-95CB-4881-BCDD-00E6C27B2F4B}.Debug|Any CPU.ActiveCfg = Debug|Any CPU
		{39555B21-95CB-4881-BCDD-00E6C27B2F4B}.Debug|Any CPU.Build.0 = Debug|Any CPU
		{39555B21-95CB-4881-BCDD-00E6C27B2F4B}.Release|Any CPU.ActiveCfg = Release|Any CPU
		{39555B21-95CB-4881-BCDD-00E6C27B2F4B}.Release|Any CPU.Build.0 = Release|Any CPU
		{74EDD3BB-03C8-4C5C-A975-C4690ACCC58B}.Debug|Any CPU.ActiveCfg = Debug|Any CPU
		{74EDD3BB-03C8-4C5C-A975-C4690ACCC58B}.Debug|Any CPU.Build.0 = Debug|Any CPU
		{74EDD3BB-03C8-4C5C-A975-C4690ACCC58B}.Release|Any CPU.ActiveCfg = Release|Any CPU
		{74EDD3BB-03C8-4C5C-A975-C4690ACCC58B}.Release|Any CPU.Build.0 = Release|Any CPU
		{A566D308-A775-426A-96D3-87FED3EF8ABF}.Debug|Any CPU.ActiveCfg = Debug|Any CPU
		{A566D308-A775-426A-96D3-87FED3EF8ABF}.Debug|Any CPU.Build.0 = Debug|Any CPU
		{A566D308-A775-426A-96D3-87FED3EF8ABF}.Release|Any CPU.ActiveCfg = Release|Any CPU
		{A566D308-A775-426A-96D3-87FED3EF8ABF}.Release|Any CPU.Build.0 = Release|Any CPU
		{D7C5C80B-75BF-4BDE-9DDB-EE23BD9BD445}.Debug|Any CPU.ActiveCfg = Debug|Any CPU
		{D7C5C80B-75BF-4BDE-9DDB-EE23BD9BD445}.Debug|Any CPU.Build.0 = Debug|Any CPU
		{D7C5C80B-75BF-4BDE-9DDB-EE23BD9BD445}.Release|Any CPU.ActiveCfg = Release|Any CPU
		{D7C5C80B-75BF-4BDE-9DDB-EE23BD9BD445}.Release|Any CPU.Build.0 = Release|Any CPU
	EndGlobalSection
	GlobalSection(SolutionProperties) = preSolution
		HideSolutionNode = FALSE
	EndGlobalSection
	GlobalSection(ExtensibilityGlobals) = postSolution
		SolutionGuid = {73D4FF82-4508-4AB0-8A2E-3DB52624B8FE}
	EndGlobalSection
EndGlobal
